
Microsoft Visual Studio Solution File, Format Version 12.00
# Visual Studio 15
VisualStudioVersion = 15.0.28307.852
MinimumVisualStudioVersion = 10.0.40219.1
Project("{8BC9CEB8-8B4A-11D0-8D11-00A0C91BC942}") = "Pong2D", "OpenGL2D\OpenGL2D.vcxproj", "{27AA9243-9F75-4E3B-9FB4-BEB344104EFA}"
EndProject
Global
	GlobalSection(SolutionConfigurationPlatforms) = preSolution
		Debug|x64 = Debug|x64
		Debug|x86 = Debug|x86
		Release|x64 = Release|x64
		Release|x86 = Release|x86
	EndGlobalSection
	GlobalSection(ProjectConfigurationPlatforms) = postSolution
		{27AA9243-9F75-4E3B-9FB4-BEB344104EFA}.Debug|x64.ActiveCfg = Debug|x64
		{27AA9243-9F75-4E3B-9FB4-BEB344104EFA}.Debug|x64.Build.0 = Debug|x64
		{27AA9243-9F75-4E3B-9FB4-BEB344104EFA}.Debug|x86.ActiveCfg = Debug|Win32
		{27AA9243-9F75-4E3B-9FB4-BEB344104EFA}.Debug|x86.Build.0 = Debug|Win32
		{27AA9243-9F75-4E3B-9FB4-BEB344104EFA}.Release|x64.ActiveCfg = Release|x64
		{27AA9243-9F75-4E3B-9FB4-BEB344104EFA}.Release|x64.Build.0 = Release|x64
		{27AA9243-9F75-4E3B-9FB4-BEB344104EFA}.Release|x86.ActiveCfg = Release|Win32
		{27AA9243-9F75-4E3B-9FB4-BEB344104EFA}.Release|x86.Build.0 = Release|Win32
	EndGlobalSection
	GlobalSection(SolutionProperties) = preSolution
		HideSolutionNode = FALSE
	EndGlobalSection
	GlobalSection(ExtensibilityGlobals) = postSolution
		SolutionGuid = {ED09D1EF-FFE5-4B3C-8AC8-9D648A914F3F}
	EndGlobalSection
EndGlobal
